
Microsoft Visual Studio Solution File, Format Version 12.00
# Visual Studio Version 17
VisualStudioVersion = 17.10.35122.118
MinimumVisualStudioVersion = 10.0.40219.1
Project("{2150E333-8FDC-42A3-9474-1A3956D46DE8}") = "Services", "Services", "{392C3807-E1B0-4974-84E5-08F68B8E208D}"
EndProject
Project("{2150E333-8FDC-42A3-9474-1A3956D46DE8}") = "Catalog", "Catalog", "{FC231D43-B7E1-42B8-A8C7-DFACBC703897}"
EndProject
Project("{9A19103F-16F7-4668-BE54-9A1E7A4F7556}") = "Catalog.API", "Services\Catalog\Catalog.API\Catalog.API.csproj", "{7846B16D-CCD7-43CC-BBB1-C3F9CD565ED9}"
EndProject
Project("{2150E333-8FDC-42A3-9474-1A3956D46DE8}") = "CoreServices", "CoreServices", "{96A56582-1304-4692-BB4C-7B1CBF6DDAC2}"
EndProject
Project("{9A19103F-16F7-4668-BE54-9A1E7A4F7556}") = "Core.Services", "Core.Services\Core.Services.csproj", "{448AA1A9-0A6B-4064-8637-BE590A8D1B78}"
EndProject
Project("{E53339B2-1760-4266-BCC7-CA923CBCF16C}") = "docker-compose", "docker-compose.dcproj", "{79BDB4C6-587F-4E27-9C3B-5A438B67596E}"
EndProject
Project("{2150E333-8FDC-42A3-9474-1A3956D46DE8}") = "Basket", "Basket", "{93B1BDB6-0AAE-481C-BD67-DC4941C97565}"
EndProject
Project("{9A19103F-16F7-4668-BE54-9A1E7A4F7556}") = "Basket.API", "Services\Basket\Basket.API\Basket.API.csproj", "{34A94832-E729-40E3-8FBF-5A9F3AD2791F}"
EndProject
Project("{2150E333-8FDC-42A3-9474-1A3956D46DE8}") = "Discount", "Discount", "{F7BAF074-630F-421A-B82D-B0D050DA4889}"
EndProject
Project("{9A19103F-16F7-4668-BE54-9A1E7A4F7556}") = "Discount.Grpc", "Services\Discount\Discount.Grpc\Discount.Grpc.csproj", "{FE1A0A23-69FF-4F2C-B8C0-469DE04D1293}"
EndProject
Project("{2150E333-8FDC-42A3-9474-1A3956D46DE8}") = "Ordering", "Ordering", "{1354248F-65C9-4D23-B320-C8D947D87424}"
EndProject
Project("{9A19103F-16F7-4668-BE54-9A1E7A4F7556}") = "Ordering.API", "Services\Ordering\Ordering.API\Ordering.API.csproj", "{647A493B-ECEE-4141-8342-7B4A7C406D69}"
EndProject
Project("{9A19103F-16F7-4668-BE54-9A1E7A4F7556}") = "Ordering.Domain", "Services\Ordering\Ordering.Domain\Ordering.Domain.csproj", "{1A9EAE82-9CCE-4145-8124-EE169E811FEB}"
EndProject
Project("{FAE04EC0-301F-11D3-BF4B-00C04F79EFBC}") = "Ordering.Application", "Services\Ordering\Ordering.Application\Ordering.Application.csproj", "{112B313E-13DD-42D0-A3FC-0DCB94651B0E}"
EndProject
Project("{FAE04EC0-301F-11D3-BF4B-00C04F79EFBC}") = "Ordering.Infrastructure", "Services\Ordering\Ordering.Infrastructure\Ordering.Infrastructure.csproj", "{BF5B6A91-7AF3-48FA-B6AC-72F09276C347}"
EndProject
Project("{FAE04EC0-301F-11D3-BF4B-00C04F79EFBC}") = "Core.Services.Messaging", "Core.Services.Messaging\Core.Services.Messaging.csproj", "{3E6FE8E8-6912-4C63-BB3B-5312C68782A5}"
EndProject
Project("{2150E333-8FDC-42A3-9474-1A3956D46DE8}") = "ApiGateways", "ApiGateways", "{02EA681E-C7D8-13C7-8484-4AC65E1B71E8}"
EndProject
Project("{FAE04EC0-301F-11D3-BF4B-00C04F79EFBC}") = "YarpApiGateway", "ApiGateways\YarpApiGateway\YarpApiGateway.csproj", "{E6670BA3-654C-4347-9FE7-08966539E192}"
EndProject
Project("{2150E333-8FDC-42A3-9474-1A3956D46DE8}") = "WebApps", "WebApps", "{EA7A8ED8-1485-4296-9685-D11151E3D02E}"
EndProject
Project("{FAE04EC0-301F-11D3-BF4B-00C04F79EFBC}") = "Shopping.Web", "WebApps\Shopping.Web\Shopping.Web.csproj", "{3F2252DA-AB64-47FC-A374-1F955CDC2544}"
EndProject
Global
	GlobalSection(SolutionConfigurationPlatforms) = preSolution
		Debug|Any CPU = Debug|Any CPU
		Release|Any CPU = Release|Any CPU
	EndGlobalSection
	GlobalSection(ProjectConfigurationPlatforms) = postSolution
		{7846B16D-CCD7-43CC-BBB1-C3F9CD565ED9}.Debug|Any CPU.ActiveCfg = Debug|Any CPU
		{7846B16D-CCD7-43CC-BBB1-C3F9CD565ED9}.Debug|Any CPU.Build.0 = Debug|Any CPU
		{7846B16D-CCD7-43CC-BBB1-C3F9CD565ED9}.Release|Any CPU.ActiveCfg = Release|Any CPU
		{7846B16D-CCD7-43CC-BBB1-C3F9CD565ED9}.Release|Any CPU.Build.0 = Release|Any CPU
		{448AA1A9-0A6B-4064-8637-BE590A8D1B78}.Debug|Any CPU.ActiveCfg = Debug|Any CPU
		{448AA1A9-0A6B-4064-8637-BE590A8D1B78}.Debug|Any CPU.Build.0 = Debug|Any CPU
		{448AA1A9-0A6B-4064-8637-BE590A8D1B78}.Release|Any CPU.ActiveCfg = Release|Any CPU
		{448AA1A9-0A6B-4064-8637-BE590A8D1B78}.Release|Any CPU.Build.0 = Release|Any CPU
		{79BDB4C6-587F-4E27-9C3B-5A438B67596E}.Debug|Any CPU.ActiveCfg = Debug|Any CPU
		{79BDB4C6-587F-4E27-9C3B-5A438B67596E}.Debug|Any CPU.Build.0 = Debug|Any CPU
		{79BDB4C6-587F-4E27-9C3B-5A438B67596E}.Release|Any CPU.ActiveCfg = Release|Any CPU
		{79BDB4C6-587F-4E27-9C3B-5A438B67596E}.Release|Any CPU.Build.0 = Release|Any CPU
		{34A94832-E729-40E3-8FBF-5A9F3AD2791F}.Debug|Any CPU.ActiveCfg = Debug|Any CPU
		{34A94832-E729-40E3-8FBF-5A9F3AD2791F}.Debug|Any CPU.Build.0 = Debug|Any CPU
		{34A94832-E729-40E3-8FBF-5A9F3AD2791F}.Release|Any CPU.ActiveCfg = Release|Any CPU
		{34A94832-E729-40E3-8FBF-5A9F3AD2791F}.Release|Any CPU.Build.0 = Release|Any CPU
		{FE1A0A23-69FF-4F2C-B8C0-469DE04D1293}.Debug|Any CPU.ActiveCfg = Debug|Any CPU
		{FE1A0A23-69FF-4F2C-B8C0-469DE04D1293}.Debug|Any CPU.Build.0 = Debug|Any CPU
		{FE1A0A23-69FF-4F2C-B8C0-469DE04D1293}.Release|Any CPU.ActiveCfg = Release|Any CPU
		{FE1A0A23-69FF-4F2C-B8C0-469DE04D1293}.Release|Any CPU.Build.0 = Release|Any CPU
		{647A493B-ECEE-4141-8342-7B4A7C406D69}.Debug|Any CPU.ActiveCfg = Debug|Any CPU
		{647A493B-ECEE-4141-8342-7B4A7C406D69}.Debug|Any CPU.Build.0 = Debug|Any CPU
		{647A493B-ECEE-4141-8342-7B4A7C406D69}.Release|Any CPU.ActiveCfg = Release|Any CPU
		{647A493B-ECEE-4141-8342-7B4A7C406D69}.Release|Any CPU.Build.0 = Release|Any CPU
		{1A9EAE82-9CCE-4145-8124-EE169E811FEB}.Debug|Any CPU.ActiveCfg = Debug|Any CPU
		{1A9EAE82-9CCE-4145-8124-EE169E811FEB}.Debug|Any CPU.Build.0 = Debug|Any CPU
		{1A9EAE82-9CCE-4145-8124-EE169E811FEB}.Release|Any CPU.ActiveCfg = Release|Any CPU
		{1A9EAE82-9CCE-4145-8124-EE169E811FEB}.Release|Any CPU.Build.0 = Release|Any CPU
		{112B313E-13DD-42D0-A3FC-0DCB94651B0E}.Debug|Any CPU.ActiveCfg = Debug|Any CPU
		{112B313E-13DD-42D0-A3FC-0DCB94651B0E}.Debug|Any CPU.Build.0 = Debug|Any CPU
		{112B313E-13DD-42D0-A3FC-0DCB94651B0E}.Release|Any CPU.ActiveCfg = Release|Any CPU
		{112B313E-13DD-42D0-A3FC-0DCB94651B0E}.Release|Any CPU.Build.0 = Release|Any CPU
		{BF5B6A91-7AF3-48FA-B6AC-72F09276C347}.Debug|Any CPU.ActiveCfg = Debug|Any CPU
		{BF5B6A91-7AF3-48FA-B6AC-72F09276C347}.Debug|Any CPU.Build.0 = Debug|Any CPU
		{BF5B6A91-7AF3-48FA-B6AC-72F09276C347}.Release|Any CPU.ActiveCfg = Release|Any CPU
		{BF5B6A91-7AF3-48FA-B6AC-72F09276C347}.Release|Any CPU.Build.0 = Release|Any CPU
		{3E6FE8E8-6912-4C63-BB3B-5312C68782A5}.Debug|Any CPU.ActiveCfg = Debug|Any CPU
		{3E6FE8E8-6912-4C63-BB3B-5312C68782A5}.Debug|Any CPU.Build.0 = Debug|Any CPU
		{3E6FE8E8-6912-4C63-BB3B-5312C68782A5}.Release|Any CPU.ActiveCfg = Release|Any CPU
		{3E6FE8E8-6912-4C63-BB3B-5312C68782A5}.Release|Any CPU.Build.0 = Release|Any CPU
		{E6670BA3-654C-4347-9FE7-08966539E192}.Debug|Any CPU.ActiveCfg = Debug|Any CPU
		{E6670BA3-654C-4347-9FE7-08966539E192}.Debug|Any CPU.Build.0 = Debug|Any CPU
		{E6670BA3-654C-4347-9FE7-08966539E192}.Release|Any CPU.ActiveCfg = Release|Any CPU
		{E6670BA3-654C-4347-9FE7-08966539E192}.Release|Any CPU.Build.0 = Release|Any CPU
		{3F2252DA-AB64-47FC-A374-1F955CDC2544}.Debug|Any CPU.ActiveCfg = Debug|Any CPU
		{3F2252DA-AB64-47FC-A374-1F955CDC2544}.Debug|Any CPU.Build.0 = Debug|Any CPU
		{3F2252DA-AB64-47FC-A374-1F955CDC2544}.Release|Any CPU.ActiveCfg = Release|Any CPU
		{3F2252DA-AB64-47FC-A374-1F955CDC2544}.Release|Any CPU.Build.0 = Release|Any CPU
	EndGlobalSection
	GlobalSection(SolutionProperties) = preSolution
		HideSolutionNode = FALSE
	EndGlobalSection
	GlobalSection(NestedProjects) = preSolution
		{FC231D43-B7E1-42B8-A8C7-DFACBC703897} = {392C3807-E1B0-4974-84E5-08F68B8E208D}
		{7846B16D-CCD7-43CC-BBB1-C3F9CD565ED9} = {FC231D43-B7E1-42B8-A8C7-DFACBC703897}
		{448AA1A9-0A6B-4064-8637-BE590A8D1B78} = {96A56582-1304-4692-BB4C-7B1CBF6DDAC2}
		{93B1BDB6-0AAE-481C-BD67-DC4941C97565} = {392C3807-E1B0-4974-84E5-08F68B8E208D}
		{34A94832-E729-40E3-8FBF-5A9F3AD2791F} = {93B1BDB6-0AAE-481C-BD67-DC4941C97565}
		{F7BAF074-630F-421A-B82D-B0D050DA4889} = {392C3807-E1B0-4974-84E5-08F68B8E208D}
		{FE1A0A23-69FF-4F2C-B8C0-469DE04D1293} = {F7BAF074-630F-421A-B82D-B0D050DA4889}
		{1354248F-65C9-4D23-B320-C8D947D87424} = {392C3807-E1B0-4974-84E5-08F68B8E208D}
		{647A493B-ECEE-4141-8342-7B4A7C406D69} = {1354248F-65C9-4D23-B320-C8D947D87424}
		{1A9EAE82-9CCE-4145-8124-EE169E811FEB} = {1354248F-65C9-4D23-B320-C8D947D87424}
		{112B313E-13DD-42D0-A3FC-0DCB94651B0E} = {1354248F-65C9-4D23-B320-C8D947D87424}
		{BF5B6A91-7AF3-48FA-B6AC-72F09276C347} = {1354248F-65C9-4D23-B320-C8D947D87424}
		{3E6FE8E8-6912-4C63-BB3B-5312C68782A5} = {96A56582-1304-4692-BB4C-7B1CBF6DDAC2}
		{E6670BA3-654C-4347-9FE7-08966539E192} = {02EA681E-C7D8-13C7-8484-4AC65E1B71E8}
		{3F2252DA-AB64-47FC-A374-1F955CDC2544} = {EA7A8ED8-1485-4296-9685-D11151E3D02E}
	EndGlobalSection
	GlobalSection(ExtensibilityGlobals) = postSolution
		SolutionGuid = {F302D3BC-02EA-4457-9D03-A14C787FFC30}
	EndGlobalSection
EndGlobal
